PODS:
  - YYCache (1.0.4)
  - YYImage (1.0.4):
    - YYImage/Core (= 1.0.4)
  - YYImage/Core (1.0.4)
  - YYWebImage (1.0.5):
    - YYCache
    - YYImage

DEPENDENCIES:
  - YYWebImage

SPEC REPOS:
  trunk:
    - YYCache
    - YYImage
    - YYWebImage

SPEC CHECKSUMS:
  YYCache: 8105b6638f5e849296c71f331ff83891a4942952
  YYImage: 1e1b62a9997399593e4b9c4ecfbbabbf1d3f3b54
  YYWebImage: 5f7f36aee2ae293f016d418c7d6ba05c4863e928

PODFILE CHECKSUM: 5c2fece1e0a8d302fa2841ef7f968ed8ea38c715

COCOAPODS: 1.9.3
